
Microsoft Visual Studio Solution File, Format Version 12.00
# Visual Studio Version 17
VisualStudioVersion = 17.0.31903.59
MinimumVisualStudioVersion = 10.0.40219.1
Project("{9A19103F-16F7-4668-BE54-9A1E7A4F7556}") = "FactoryMehtod", "FactoryMehtod\FactoryMehtod.csproj", "{B1C5E68B-C10A-4979-8427-1E3BA15958F6}"
EndProject
Project("{FAE04EC0-301F-11D3-BF4B-00C04F79EFBC}") = "AbstractFactory", "AbstractFactory\AbstractFactory.csproj", "{216720A1-C52C-4071-8D83-92C54A8D9FB8}"
EndProject
Global
	GlobalSection(SolutionConfigurationPlatforms) = preSolution
		Debug|Any CPU = Debug|Any CPU
		Release|Any CPU = Release|Any CPU
	EndGlobalSection
	GlobalSection(ProjectConfigurationPlatforms) = postSolution
		{B1C5E68B-C10A-4979-8427-1E3BA15958F6}.Debug|Any CPU.ActiveCfg = Debug|Any CPU
		{B1C5E68B-C10A-4979-8427-1E3BA15958F6}.Debug|Any CPU.Build.0 = Debug|Any CPU
		{B1C5E68B-C10A-4979-8427-1E3BA15958F6}.Release|Any CPU.ActiveCfg = Release|Any CPU
		{B1C5E68B-C10A-4979-8427-1E3BA15958F6}.Release|Any CPU.Build.0 = Release|Any CPU
		{216720A1-C52C-4071-8D83-92C54A8D9FB8}.Debug|Any CPU.ActiveCfg = Debug|Any CPU
		{216720A1-C52C-4071-8D83-92C54A8D9FB8}.Debug|Any CPU.Build.0 = Debug|Any CPU
		{216720A1-C52C-4071-8D83-92C54A8D9FB8}.Release|Any CPU.ActiveCfg = Release|Any CPU
		{216720A1-C52C-4071-8D83-92C54A8D9FB8}.Release|Any CPU.Build.0 = Release|Any CPU
	EndGlobalSection
	GlobalSection(SolutionProperties) = preSolution
		HideSolutionNode = FALSE
	EndGlobalSection
	GlobalSection(ExtensibilityGlobals) = postSolution
		SolutionGuid = {AED70DE1-1251-46D6-82DC-B942B7A5A2FE}
	EndGlobalSection
EndGlobal
